
Microsoft Visual Studio Solution File, Format Version 12.00
# Visual Studio 15
VisualStudioVersion = 15.0.28010.2048
MinimumVisualStudioVersion = 10.0.40219.1
Project("{FAE04EC0-301F-11D3-BF4B-00C04F79EFBC}") = "SuperPutty", "SuperPutty\SuperPutty.csproj", "{E03FA8D9-555B-4AD6-A310-6A72B20024D1}"
EndProject
Project("{FAE04EC0-301F-11D3-BF4B-00C04F79EFBC}") = "SuperPuttyUnitTests", "SuperPuttyUnitTests\SuperPuttyUnitTests.csproj", "{94D2BCB6-A377-4C9C-96D7-C5603D46D292}"
EndProject
Project("{930C7802-8A8C-48F9-8165-68863BCCD9DD}") = "SuperPuttyInstaller", "SuperPuttyInstaller\SuperPuttyInstaller.wixproj", "{89846760-8956-477C-9456-0F8CD32F4718}"
EndProject
Project("{2150E333-8FDC-42A3-9474-1A3956D46DE8}") = "Solution Items", "Solution Items", "{10996DCD-BC12-4C5F-9319-F608004C403B}"
	ProjectSection(SolutionItems) = preProject
		.gitignore = .gitignore
		License.rtf = License.rtf
		License.txt = License.txt
		README.txt = README.txt
		ReleaseNotes.txt = ReleaseNotes.txt
	EndProjectSection
EndProject
Global
	GlobalSection(SolutionConfigurationPlatforms) = preSolution
		Debug|Any CPU = Debug|Any CPU
		Debug|Mixed Platforms = Debug|Mixed Platforms
		Debug|x86 = Debug|x86
		Release|Any CPU = Release|Any CPU
		Release|Mixed Platforms = Release|Mixed Platforms
		Release|x86 = Release|x86
	EndGlobalSection
	GlobalSection(ProjectConfigurationPlatforms) = postSolution
		{E03FA8D9-555B-4AD6-A310-6A72B20024D1}.Debug|Any CPU.ActiveCfg = Debug|Any CPU
		{E03FA8D9-555B-4AD6-A310-6A72B20024D1}.Debug|Any CPU.Build.0 = Debug|Any CPU
		{E03FA8D9-555B-4AD6-A310-6A72B20024D1}.Debug|Mixed Platforms.ActiveCfg = Debug|Any CPU
		{E03FA8D9-555B-4AD6-A310-6A72B20024D1}.Debug|Mixed Platforms.Build.0 = Debug|Any CPU
		{E03FA8D9-555B-4AD6-A310-6A72B20024D1}.Debug|x86.ActiveCfg = Debug|Any CPU
		{E03FA8D9-555B-4AD6-A310-6A72B20024D1}.Release|Any CPU.ActiveCfg = Release|Any CPU
		{E03FA8D9-555B-4AD6-A310-6A72B20024D1}.Release|Any CPU.Build.0 = Release|Any CPU
		{E03FA8D9-555B-4AD6-A310-6A72B20024D1}.Release|Mixed Platforms.ActiveCfg = Release|Any CPU
		{E03FA8D9-555B-4AD6-A310-6A72B20024D1}.Release|Mixed Platforms.Build.0 = Release|Any CPU
		{E03FA8D9-555B-4AD6-A310-6A72B20024D1}.Release|x86.ActiveCfg = Release|Any CPU
		{94D2BCB6-A377-4C9C-96D7-C5603D46D292}.Debug|Any CPU.ActiveCfg = Debug|x86
		{94D2BCB6-A377-4C9C-96D7-C5603D46D292}.Debug|Mixed Platforms.ActiveCfg = Debug|x86
		{94D2BCB6-A377-4C9C-96D7-C5603D46D292}.Debug|Mixed Platforms.Build.0 = Debug|x86
		{94D2BCB6-A377-4C9C-96D7-C5603D46D292}.Debug|x86.ActiveCfg = Debug|x86
		{94D2BCB6-A377-4C9C-96D7-C5603D46D292}.Debug|x86.Build.0 = Debug|x86
		{94D2BCB6-A377-4C9C-96D7-C5603D46D292}.Release|Any CPU.ActiveCfg = Release|x86
		{94D2BCB6-A377-4C9C-96D7-C5603D46D292}.Release|Mixed Platforms.ActiveCfg = Release|x86
		{94D2BCB6-A377-4C9C-96D7-C5603D46D292}.Release|Mixed Platforms.Build.0 = Release|x86
		{94D2BCB6-A377-4C9C-96D7-C5603D46D292}.Release|x86.ActiveCfg = Release|x86
		{94D2BCB6-A377-4C9C-96D7-C5603D46D292}.Release|x86.Build.0 = Release|x86
		{89846760-8956-477C-9456-0F8CD32F4718}.Debug|Any CPU.ActiveCfg = Debug|x86
		{89846760-8956-477C-9456-0F8CD32F4718}.Debug|Mixed Platforms.ActiveCfg = Debug|x86
		{89846760-8956-477C-9456-0F8CD32F4718}.Debug|Mixed Platforms.Build.0 = Debug|x86
		{89846760-8956-477C-9456-0F8CD32F4718}.Debug|x86.ActiveCfg = Debug|x86
		{89846760-8956-477C-9456-0F8CD32F4718}.Debug|x86.Build.0 = Debug|x86
		{89846760-8956-477C-9456-0F8CD32F4718}.Release|Any CPU.ActiveCfg = Release|x86
		{89846760-8956-477C-9456-0F8CD32F4718}.Release|Mixed Platforms.ActiveCfg = Release|x86
		{89846760-8956-477C-9456-0F8CD32F4718}.Release|Mixed Platforms.Build.0 = Release|x86
		{89846760-8956-477C-9456-0F8CD32F4718}.Release|x86.ActiveCfg = Release|x86
		{89846760-8956-477C-9456-0F8CD32F4718}.Release|x86.Build.0 = Release|x86
	EndGlobalSection
	GlobalSection(SolutionProperties) = preSolution
		HideSolutionNode = FALSE
	EndGlobalSection
	GlobalSection(ExtensibilityGlobals) = postSolution
		SolutionGuid = {688536C0-91C1-4A94-850A-6D57B299E342}
	EndGlobalSection
EndGlobal
